
Microsoft Visual Studio Solution File, Format Version 12.00
# Visual Studio Version 16
VisualStudioVersion = 16.0.30804.86
MinimumVisualStudioVersion = 10.0.40219.1
Project("{FAE04EC0-301F-11D3-BF4B-00C04F79EFBC}") = "GPCalculator", "GPCalculator\GPCalculator.csproj", "{45D5214F-CF67-4BED-9799-E8A768B2F6BA}"
EndProject
Global
	GlobalSection(SolutionConfigurationPlatforms) = preSolution
		Debug|Any CPU = Debug|Any CPU
		Release|Any CPU = Release|Any CPU
	EndGlobalSection
	GlobalSection(ProjectConfigurationPlatforms) = postSolution
		{45D5214F-CF67-4BED-9799-E8A768B2F6BA}.Debug|Any CPU.ActiveCfg = Debug|Any CPU
		{45D5214F-CF67-4BED-9799-E8A768B2F6BA}.Debug|Any CPU.Build.0 = Debug|Any CPU
		{45D5214F-CF67-4BED-9799-E8A768B2F6BA}.Release|Any CPU.ActiveCfg = Release|Any CPU
		{45D5214F-CF67-4BED-9799-E8A768B2F6BA}.Release|Any CPU.Build.0 = Release|Any CPU
	EndGlobalSection
	GlobalSection(SolutionProperties) = preSolution
		HideSolutionNode = FALSE
	EndGlobalSection
	GlobalSection(ExtensibilityGlobals) = postSolution
		SolutionGuid = {F28E04B3-1A93-4DC8-B370-943CA1F3A27F}
	EndGlobalSection
EndGlobal
